
Microsoft Visual Studio Solution File, Format Version 12.00
# Visual Studio 15
Project("{FAE04EC0-301F-11D3-BF4B-00C04F79EFBC}") = "Assembly-CSharp", "Assembly-CSharp.csproj", "{3C80E71E-BC00-BE13-241E-F9061D093C5A}"
EndProject
Global
	GlobalSection(SolutionConfigurationPlatforms) = preSolution
		Debug|Any CPU = Debug|Any CPU
		Release|Any CPU = Release|Any CPU
	EndGlobalSection
	GlobalSection(ProjectConfigurationPlatforms) = postSolution
		{3C80E71E-BC00-BE13-241E-F9061D093C5A}.Debug|Any CPU.ActiveCfg = Debug|Any CPU
		{3C80E71E-BC00-BE13-241E-F9061D093C5A}.Debug|Any CPU.Build.0 = Debug|Any CPU
		{3C80E71E-BC00-BE13-241E-F9061D093C5A}.Release|Any CPU.ActiveCfg = Release|Any CPU
		{3C80E71E-BC00-BE13-241E-F9061D093C5A}.Release|Any CPU.Build.0 = Release|Any CPU
	EndGlobalSection
	GlobalSection(SolutionProperties) = preSolution
		HideSolutionNode = FALSE
	EndGlobalSection
EndGlobal
